github.com/canonical/pebble v1.21.0 h1:UWJyDtWZcTUc0g/bVomzgMP7Q7lCYkPK3bplME5BWHI=
github.com/canonical/pebble v1.21.0/go.mod h1:4FuafBIWiGSLrvzlqtVrH+p94Anm5Qj5qElptozMZG8=
github.com/creack/pty v1.1.9/go.mod h1:oKZEueFk5CKHvIhNR5MUki03XCEU+Q6VDXinZuGJ33E=
github.com/gorilla/websocket v1.5.1 h1:gmztn0JnHVt9JZquRuzLw3g4wouNVzKL15iLr/zn/QY=
github.com/gorilla/websocket v1.5.1/go.mod h1:x3kM2JMyaluk02fnUJpQuwD2dCS5NDG2ZHL0uE0tcaY=
github.com/gruyaume/charm-libraries/certificates v0.0.0-20250512055438-198e951c4be2 h1:+Fn0kxkkfxzeZv4VX+5mSnMP9CaCN9Jjey/UTqnAHNg=
github.com/gruyaume/charm-libraries/certificates v0.0.0-20250512055438-198e951c4be2/go.mod h1:s98OeHSDrZs65nH/W2gshk1WAZl7c1+SpUe/N8eCttA=
github.com/gruyaume/charm-libraries/logging v0.0.0-20250515135041-53a0de11925d h1:R3F8a/yEyRvucXz/U5SonV/LHF4tT5/uiKkXjV3UGeU=
github.com/gruyaume/charm-libraries/logging v0.0.0-20250515135041-53a0de11925d/go.mod h1:xAvjxmOG/rUwIb/uDkY5Sn3VZqTNMoxf4j+Ibf7GESk=
github.com/gruyaume/charm-libraries/prometheus v0.0.0-20250512055438-198e951c4be2 h1:FhBBOVL641XaUwvZex64VwFdqHAY7RpdGr9D8MsRK3U=
github.com/gruyaume/charm-libraries/prometheus v0.0.0-20250512055438-198e951c4be2/go.mod h1:C/8sPGWRC8K7xl+hHZOP/1lIrt28wmFADrez+5SFrpg=
github.com/gruyaume/goops v0.0.12 h1:P9yn2/GKz2WFKiqb3+7gWzNBbJdazvY7+FXYnX/H+Tw=
github.com/gruyaume/goops v0.0.12/go.mod h1:91Pt2hUN92i9M74tYVJ1ASmCXV+5UtAnMGKlQmz/21g=
github.com/kr/pretty v0.3.1 h1:flRD4NNwYAUpkphVc1HcthR4KEIFJ65n8Mw5qdRn3LE=
github.com/kr/pretty v0.3.1/go.mod h1:hoEshYVHaxMs3cyo3Yncou5ZscifuDolrwPKZanG3xk=
github.com/kr/text v0.2.0 h1:5Nx0Ya0ZqY2ygV366QzturHI13Jq95ApcVaJBhpS+AY=
github.com/kr/text v0.2.0/go.mod h1:eLer722TekiGuMkidMxC/pM04lWEeraHUUmBw8l2grE=
github.com/pkg/diff v0.0.0-20210226163009-20ebb0f2a09e/go.mod h1:pJLUxLENpZxwdsKMEsNbx1VGcRFpLqf3715MtcvvzbA=
github.com/rogpeppe/go-internal v1.9.0/go.mod h1:WtVeX8xhTBvf0smdhujwtBcq4Qrzq/fJaraNFVN+nFs=
github.com/rogpeppe/go-internal v1.13.1 h1:KvO1DLK/DRN07sQ1LQKScxyZJuNnedQ5/wKSR38lUII=
github.com/rogpeppe/go-internal v1.13.1/go.mod h1:uMEvuHeurkdAXX61udpOXGD/AzZDWNMNyH2VO9fmH0o=
golang.org/x/net v0.35.0 h1:T5GQRQb2y08kTAByq9L4/bz8cipCdA8FbRTXewonqY8=
golang.org/x/net v0.35.0/go.mod h1:EglIi67kWsHKlRzzVMUD93VMSWGFOMSZgxFjparz1Qk=
golang.org/x/sys v0.30.0 h1:QjkSwP/36a20jFYWkSue1YwXzLmsV5Gfq7Eiy72C1uc=
golang.org/x/sys v0.30.0/go.mod h1:/VUhepiaJMQUp4+oa/7Zr1D23ma6VTLIYjOOTFZPUcA=
gopkg.in/check.v1 v0.0.0-20161208181325-20d25e280405/go.mod h1:Co6ibVJAznAaIkqp8huTwlJQCZ016jof/cbN4VW5Yz0=
gopkg.in/check.v1 v1.0.0-20201130134442-10cb98267c6c h1:Hei/4ADfdWqJk1ZMxUNpqntNwaWcugrBjAiHlqqRiVk=
gopkg.in/check.v1 v1.0.0-20201130134442-10cb98267c6c/go.mod h1:JHkPIbrfpd72SG/EVd6muEfDQjcINNoR0C8j2r3qZ4Q=
gopkg.in/tomb.v2 v2.0.0-20161208151619-d5d1b5820637 h1:yiW+nvdHb9LVqSHQBXfZCieqV4fzYhNBql77zY0ykqs=
gopkg.in/tomb.v2 v2.0.0-20161208151619-d5d1b5820637/go.mod h1:BHsqpu/nsuzkT5BpiH1EMZPLyqSMM8JbIavyFACoFNk=
gopkg.in/yaml.v3 v3.0.1 h1:fxVm/GzAzEWqLHuvctI91KS9hhNmmWOoWu0XTYJS7CA=
gopkg.in/yaml.v3 v3.0.1/go.mod h1:K4uyk7z7BCEPqu6E+C64Yfv1cQ7kz7rIZviUmN+EgEM=
