github.com/canonical/pebble v1.27.0 h1:prEVP+SklBrTrrveZUEHkqUY0BeOel7gtP1yLsGIZvU=
github.com/canonical/pebble v1.27.0/go.mod h1:PcIfhN3+tnvTAurBayr1IBsdfAMj5r1ZV3Tt/ru1qdI=
github.com/creack/pty v1.1.9/go.mod h1:oKZEueFk5CKHvIhNR5MUki03XCEU+Q6VDXinZuGJ33E=
github.com/gorilla/websocket v1.5.3 h1:saDtZ6Pbx/0u+bgYQ3q96pZgCzfhKXGPqt7kZ72aNNg=
github.com/gorilla/websocket v1.5.3/go.mod h1:YR8l580nyteQvAITg2hZ9XVh4b55+EU/adAjf1fMHhE=
github.com/gruyaume/charm-libraries/certificates v0.0.0-20250701171023-ffdb6331787c h1:vJ6bRGEvmXk6wyc2HujlsZR884VXM0L16j9+wt3oPQc=
github.com/gruyaume/charm-libraries/certificates v0.0.0-20250701171023-ffdb6331787c/go.mod h1:GPPlphnspVlFFBi18FXOA85EQLZhK0Xoi2kxe5+RO5A=
github.com/gruyaume/charm-libraries/logging v0.0.0-20250701171023-ffdb6331787c h1:MmU5PeunPfsZ4C4VKN2DIZmUSIzRbWx4Dt60LvlHOvU=
github.com/gruyaume/charm-libraries/logging v0.0.0-20250701171023-ffdb6331787c/go.mod h1:O6TMJVj1XpSuy10Di/SDgPK0lCGqRHnYGLzXw2ZXBuU=
github.com/gruyaume/charm-libraries/prometheus v0.0.0-20250701171023-ffdb6331787c h1:jxBLI/21OT8Mm0I9Wd/+vmd6NWoNR8bQAkx6l111BgQ=
github.com/gruyaume/charm-libraries/prometheus v0.0.0-20250701171023-ffdb6331787c/go.mod h1:RbifSdakM1o2q/rmf5eRWDxatl3fPWRmijwxZp2+aiI=
github.com/gruyaume/goops v0.0.23 h1:0W4zgshzoqWfdgGCq91rtiJzyR6JlHOyMJO34EagFPs=
github.com/gruyaume/goops v0.0.23/go.mod h1:mLOsaUCP8Tr/t3aLvgDsOqvqjn0jDZ9jyc8iFKEdCls=
github.com/kr/pretty v0.3.1 h1:flRD4NNwYAUpkphVc1HcthR4KEIFJ65n8Mw5qdRn3LE=
github.com/kr/pretty v0.3.1/go.mod h1:hoEshYVHaxMs3cyo3Yncou5ZscifuDolrwPKZanG3xk=
github.com/kr/text v0.2.0 h1:5Nx0Ya0ZqY2ygV366QzturHI13Jq95ApcVaJBhpS+AY=
github.com/kr/text v0.2.0/go.mod h1:eLer722TekiGuMkidMxC/pM04lWEeraHUUmBw8l2grE=
github.com/pkg/diff v0.0.0-20210226163009-20ebb0f2a09e/go.mod h1:pJLUxLENpZxwdsKMEsNbx1VGcRFpLqf3715MtcvvzbA=
github.com/rogpeppe/go-internal v1.9.0/go.mod h1:WtVeX8xhTBvf0smdhujwtBcq4Qrzq/fJaraNFVN+nFs=
github.com/rogpeppe/go-internal v1.14.1 h1:UQB4HGPB6osV0SQTLymcB4TgvyWu6ZyliaW0tI/otEQ=
github.com/rogpeppe/go-internal v1.14.1/go.mod h1:MaRKkUm5W0goXpeCfT7UZI6fk/L7L7so1lCWt35ZSgc=
golang.org/x/net v0.41.0 h1:vBTly1HeNPEn3wtREYfy4GZ/NECgw2Cnl+nK6Nz3uvw=
golang.org/x/net v0.41.0/go.mod h1:B/K4NNqkfmg07DQYrbwvSluqCJOOXwUjeb/5lOisjbA=
golang.org/x/sys v0.33.0 h1:q3i8TbbEz+JRD9ywIRlyRAQbM0qF7hu24q3teo2hbuw=
golang.org/x/sys v0.33.0/go.mod h1:BJP2sWEmIv4KK5OTEluFJCKSidICx8ciO85XgH3Ak8k=
gopkg.in/check.v1 v0.0.0-20161208181325-20d25e280405/go.mod h1:Co6ibVJAznAaIkqp8huTwlJQCZ016jof/cbN4VW5Yz0=
gopkg.in/check.v1 v1.0.0-20201130134442-10cb98267c6c h1:Hei/4ADfdWqJk1ZMxUNpqntNwaWcugrBjAiHlqqRiVk=
gopkg.in/check.v1 v1.0.0-20201130134442-10cb98267c6c/go.mod h1:JHkPIbrfpd72SG/EVd6muEfDQjcINNoR0C8j2r3qZ4Q=
gopkg.in/tomb.v2 v2.0.0-20161208151619-d5d1b5820637 h1:yiW+nvdHb9LVqSHQBXfZCieqV4fzYhNBql77zY0ykqs=
gopkg.in/tomb.v2 v2.0.0-20161208151619-d5d1b5820637/go.mod h1:BHsqpu/nsuzkT5BpiH1EMZPLyqSMM8JbIavyFACoFNk=
gopkg.in/yaml.v3 v3.0.1 h1:fxVm/GzAzEWqLHuvctI91KS9hhNmmWOoWu0XTYJS7CA=
gopkg.in/yaml.v3 v3.0.1/go.mod h1:K4uyk7z7BCEPqu6E+C64Yfv1cQ7kz7rIZviUmN+EgEM=
